
Microsoft Visual Studio Solution File, Format Version 12.00
# Visual Studio Version 17
VisualStudioVersion = 17.0.31903.59
MinimumVisualStudioVersion = 10.0.40219.1
Project("{2150E333-8FDC-42A3-9474-1A3956D46DE8}") = "src", "src", "{827E0CD3-B72D-47B6-A68D-7590B98EB39B}"
EndProject
Project("{FAE04EC0-301F-11D3-BF4B-00C04F79EFBC}") = "Commerce.Services.Shared.Models", "src\Commerce.Services.Shared.Models\Commerce.Services.Shared.Models.csproj", "{91D2A121-46DE-41D0-9EAD-9DB209DD22E8}"
EndProject
Project("{FAE04EC0-301F-11D3-BF4B-00C04F79EFBC}") = "Commerce.Services.Shared.Data", "src\Commerce.Services.Shared.Data\Commerce.Services.Shared.Data.csproj", "{41C81A55-6839-4348-A6C4-FF80528C701E}"
EndProject
Project("{FAE04EC0-301F-11D3-BF4B-00C04F79EFBC}") = "Commerce.Services.Shared.Messaging", "src\Commerce.Services.Shared.Messaging\Commerce.Services.Shared.Messaging.csproj", "{87308C43-E426-40FA-833A-4CF5D0AF0BD8}"
EndProject
Project("{FAE04EC0-301F-11D3-BF4B-00C04F79EFBC}") = "Commerce.Services.Shared.Infrastructure", "src\Commerce.Services.Shared.Infrastructure\Commerce.Services.Shared.Infrastructure.csproj", "{A30B5C94-9F21-43DE-93E8-DC2F8BDAA350}"
EndProject
Project("{FAE04EC0-301F-11D3-BF4B-00C04F79EFBC}") = "Commerce.Services.ProductMdm.Api", "src\Commerce.Services.ProductMdm.Api\Commerce.Services.ProductMdm.Api.csproj", "{7A928515-6235-40D3-ABC4-49AB3C4D91B4}"
EndProject
Project("{FAE04EC0-301F-11D3-BF4B-00C04F79EFBC}") = "Commerce.Services.PricingMdm.Api", "src\Commerce.Services.PricingMdm.Api\Commerce.Services.PricingMdm.Api.csproj", "{B29D16DA-04C9-48EA-B531-096C2B752BEA}"
EndProject
Project("{FAE04EC0-301F-11D3-BF4B-00C04F79EFBC}") = "Commerce.Services.Ecommerce.Api", "src\Commerce.Services.Ecommerce.Api\Commerce.Services.Ecommerce.Api.csproj", "{525D3D5F-E0DA-4502-B65C-F397B50126F7}"
EndProject
Project("{FAE04EC0-301F-11D3-BF4B-00C04F79EFBC}") = "Commerce.Services.InventoryMdm.Api", "src\Commerce.Services.InventoryMdm.Api\Commerce.Services.InventoryMdm.Api.csproj", "{3D84D24B-8D52-4EAB-B7D7-867B1A1BD3A3}"
EndProject
Project("{FAE04EC0-301F-11D3-BF4B-00C04F79EFBC}") = "Commerce.Services.Erp.Api", "src\Commerce.Services.Erp.Api\Commerce.Services.Erp.Api.csproj", "{C8B1BE10-152D-4CAE-B056-96DB663EF6CA}"
EndProject
Project("{FAE04EC0-301F-11D3-BF4B-00C04F79EFBC}") = "Commerce.Services.ProductMdm.Api.Tests", "tests\Commerce.Services.ProductMdm.Api.Tests\Commerce.Services.ProductMdm.Api.Tests.csproj", "{E5A57CD3-786C-4D3E-9434-76BF6250E7F6}"
EndProject
Project("{FAE04EC0-301F-11D3-BF4B-00C04F79EFBC}") = "Commerce.Services.Integration.Tests", "tests\Commerce.Services.Integration.Tests\Commerce.Services.Integration.Tests.csproj", "{0147F75F-7DD6-4A07-9DC6-245BC2FFCB0B}"
EndProject
Project("{FAE04EC0-301F-11D3-BF4B-00C04F79EFBC}") = "Commerce.Services.UserMdm.Api", "src\Commerce.Services.UserMdm.Api\Commerce.Services.UserMdm.Api.csproj", "{28218445-41CC-4EEC-81D6-CD9CFDA3B331}"
EndProject
Project("{FAE04EC0-301F-11D3-BF4B-00C04F79EFBC}") = "Commerce.Services.ProductStaging.Api", "src\Commerce.Services.ProductStaging.Api\Commerce.Services.ProductStaging.Api.csproj", "{82FEE716-A724-46A0-BA97-201C9AC385C7}"
EndProject
Project("{FAE04EC0-301F-11D3-BF4B-00C04F79EFBC}") = "Commerce.Services.SystemApi.Api", "src\Commerce.Services.SystemApi.Api\Commerce.Services.SystemApi.Api.csproj", "{AB632094-54EA-4561-9282-AB69F4FCF7E9}"
EndProject
Project("{FAE04EC0-301F-11D3-BF4B-00C04F79EFBC}") = "Commerce.Services.CustomerMdm.Api", "src\Commerce.Services.CustomerMdm.Api\Commerce.Services.CustomerMdm.Api.csproj", "{97C9B665-570D-41E2-9293-8DEF77ED03ED}"
EndProject
Project("{FAE04EC0-301F-11D3-BF4B-00C04F79EFBC}") = "Commerce.Services.Oms.Api", "src\Commerce.Services.Oms.Api\Commerce.Services.Oms.Api.csproj", "{2F5A8C91-D472-4BF3-9E84-1C7D9F3B8A65}"
EndProject
Project("{FAE04EC0-301F-11D3-BF4B-00C04F79EFBC}") = "Commerce.Services.Localization.Api", "src\Commerce.Services.Localization.Api\Commerce.Services.Localization.Api.csproj", "{0D39061B-7C62-4CC4-9730-D2E44C734F10}"
EndProject
Global
	GlobalSection(SolutionConfigurationPlatforms) = preSolution
		Debug|Any CPU = Debug|Any CPU
		Debug|x64 = Debug|x64
		Debug|x86 = Debug|x86
		Release|Any CPU = Release|Any CPU
		Release|x64 = Release|x64
		Release|x86 = Release|x86
	EndGlobalSection
	GlobalSection(ProjectConfigurationPlatforms) = postSolution
		{91D2A121-46DE-41D0-9EAD-9DB209DD22E8}.Debug|Any CPU.ActiveCfg = Debug|Any CPU
		{91D2A121-46DE-41D0-9EAD-9DB209DD22E8}.Debug|Any CPU.Build.0 = Debug|Any CPU
		{91D2A121-46DE-41D0-9EAD-9DB209DD22E8}.Debug|x64.ActiveCfg = Debug|Any CPU
		{91D2A121-46DE-41D0-9EAD-9DB209DD22E8}.Debug|x64.Build.0 = Debug|Any CPU
		{91D2A121-46DE-41D0-9EAD-9DB209DD22E8}.Debug|x86.ActiveCfg = Debug|Any CPU
		{91D2A121-46DE-41D0-9EAD-9DB209DD22E8}.Debug|x86.Build.0 = Debug|Any CPU
		{91D2A121-46DE-41D0-9EAD-9DB209DD22E8}.Release|Any CPU.ActiveCfg = Release|Any CPU
		{91D2A121-46DE-41D0-9EAD-9DB209DD22E8}.Release|Any CPU.Build.0 = Release|Any CPU
		{91D2A121-46DE-41D0-9EAD-9DB209DD22E8}.Release|x64.ActiveCfg = Release|Any CPU
		{91D2A121-46DE-41D0-9EAD-9DB209DD22E8}.Release|x64.Build.0 = Release|Any CPU
		{91D2A121-46DE-41D0-9EAD-9DB209DD22E8}.Release|x86.ActiveCfg = Release|Any CPU
		{91D2A121-46DE-41D0-9EAD-9DB209DD22E8}.Release|x86.Build.0 = Release|Any CPU
		{41C81A55-6839-4348-A6C4-FF80528C701E}.Debug|Any CPU.ActiveCfg = Debug|Any CPU
		{41C81A55-6839-4348-A6C4-FF80528C701E}.Debug|Any CPU.Build.0 = Debug|Any CPU
		{41C81A55-6839-4348-A6C4-FF80528C701E}.Debug|x64.ActiveCfg = Debug|Any CPU
		{41C81A55-6839-4348-A6C4-FF80528C701E}.Debug|x64.Build.0 = Debug|Any CPU
		{41C81A55-6839-4348-A6C4-FF80528C701E}.Debug|x86.ActiveCfg = Debug|Any CPU
		{41C81A55-6839-4348-A6C4-FF80528C701E}.Debug|x86.Build.0 = Debug|Any CPU
		{41C81A55-6839-4348-A6C4-FF80528C701E}.Release|Any CPU.ActiveCfg = Release|Any CPU
		{41C81A55-6839-4348-A6C4-FF80528C701E}.Release|Any CPU.Build.0 = Release|Any CPU
		{41C81A55-6839-4348-A6C4-FF80528C701E}.Release|x64.ActiveCfg = Release|Any CPU
		{41C81A55-6839-4348-A6C4-FF80528C701E}.Release|x64.Build.0 = Release|Any CPU
		{41C81A55-6839-4348-A6C4-FF80528C701E}.Release|x86.ActiveCfg = Release|Any CPU
		{41C81A55-6839-4348-A6C4-FF80528C701E}.Release|x86.Build.0 = Release|Any CPU
		{87308C43-E426-40FA-833A-4CF5D0AF0BD8}.Debug|Any CPU.ActiveCfg = Debug|Any CPU
		{87308C43-E426-40FA-833A-4CF5D0AF0BD8}.Debug|Any CPU.Build.0 = Debug|Any CPU
		{87308C43-E426-40FA-833A-4CF5D0AF0BD8}.Debug|x64.ActiveCfg = Debug|Any CPU
		{87308C43-E426-40FA-833A-4CF5D0AF0BD8}.Debug|x64.Build.0 = Debug|Any CPU
		{87308C43-E426-40FA-833A-4CF5D0AF0BD8}.Debug|x86.ActiveCfg = Debug|Any CPU
		{87308C43-E426-40FA-833A-4CF5D0AF0BD8}.Debug|x86.Build.0 = Debug|Any CPU
		{87308C43-E426-40FA-833A-4CF5D0AF0BD8}.Release|Any CPU.ActiveCfg = Release|Any CPU
		{87308C43-E426-40FA-833A-4CF5D0AF0BD8}.Release|Any CPU.Build.0 = Release|Any CPU
		{87308C43-E426-40FA-833A-4CF5D0AF0BD8}.Release|x64.ActiveCfg = Release|Any CPU
		{87308C43-E426-40FA-833A-4CF5D0AF0BD8}.Release|x64.Build.0 = Release|Any CPU
		{87308C43-E426-40FA-833A-4CF5D0AF0BD8}.Release|x86.ActiveCfg = Release|Any CPU
		{87308C43-E426-40FA-833A-4CF5D0AF0BD8}.Release|x86.Build.0 = Release|Any CPU
		{A30B5C94-9F21-43DE-93E8-DC2F8BDAA350}.Debug|Any CPU.ActiveCfg = Debug|Any CPU
		{A30B5C94-9F21-43DE-93E8-DC2F8BDAA350}.Debug|Any CPU.Build.0 = Debug|Any CPU
		{A30B5C94-9F21-43DE-93E8-DC2F8BDAA350}.Debug|x64.ActiveCfg = Debug|Any CPU
		{A30B5C94-9F21-43DE-93E8-DC2F8BDAA350}.Debug|x64.Build.0 = Debug|Any CPU
		{A30B5C94-9F21-43DE-93E8-DC2F8BDAA350}.Debug|x86.ActiveCfg = Debug|Any CPU
		{A30B5C94-9F21-43DE-93E8-DC2F8BDAA350}.Debug|x86.Build.0 = Debug|Any CPU
		{A30B5C94-9F21-43DE-93E8-DC2F8BDAA350}.Release|Any CPU.ActiveCfg = Release|Any CPU
		{A30B5C94-9F21-43DE-93E8-DC2F8BDAA350}.Release|Any CPU.Build.0 = Release|Any CPU
		{A30B5C94-9F21-43DE-93E8-DC2F8BDAA350}.Release|x64.ActiveCfg = Release|Any CPU
		{A30B5C94-9F21-43DE-93E8-DC2F8BDAA350}.Release|x64.Build.0 = Release|Any CPU
		{A30B5C94-9F21-43DE-93E8-DC2F8BDAA350}.Release|x86.ActiveCfg = Release|Any CPU
		{A30B5C94-9F21-43DE-93E8-DC2F8BDAA350}.Release|x86.Build.0 = Release|Any CPU
		{7A928515-6235-40D3-ABC4-49AB3C4D91B4}.Debug|Any CPU.ActiveCfg = Debug|Any CPU
		{7A928515-6235-40D3-ABC4-49AB3C4D91B4}.Debug|Any CPU.Build.0 = Debug|Any CPU
		{7A928515-6235-40D3-ABC4-49AB3C4D91B4}.Debug|x64.ActiveCfg = Debug|Any CPU
		{7A928515-6235-40D3-ABC4-49AB3C4D91B4}.Debug|x64.Build.0 = Debug|Any CPU
		{7A928515-6235-40D3-ABC4-49AB3C4D91B4}.Debug|x86.ActiveCfg = Debug|Any CPU
		{7A928515-6235-40D3-ABC4-49AB3C4D91B4}.Debug|x86.Build.0 = Debug|Any CPU
		{7A928515-6235-40D3-ABC4-49AB3C4D91B4}.Release|Any CPU.ActiveCfg = Release|Any CPU
		{7A928515-6235-40D3-ABC4-49AB3C4D91B4}.Release|Any CPU.Build.0 = Release|Any CPU
		{7A928515-6235-40D3-ABC4-49AB3C4D91B4}.Release|x64.ActiveCfg = Release|Any CPU
		{7A928515-6235-40D3-ABC4-49AB3C4D91B4}.Release|x64.Build.0 = Release|Any CPU
		{7A928515-6235-40D3-ABC4-49AB3C4D91B4}.Release|x86.ActiveCfg = Release|Any CPU
		{7A928515-6235-40D3-ABC4-49AB3C4D91B4}.Release|x86.Build.0 = Release|Any CPU
		{B29D16DA-04C9-48EA-B531-096C2B752BEA}.Debug|Any CPU.ActiveCfg = Debug|Any CPU
		{B29D16DA-04C9-48EA-B531-096C2B752BEA}.Debug|Any CPU.Build.0 = Debug|Any CPU
		{B29D16DA-04C9-48EA-B531-096C2B752BEA}.Debug|x64.ActiveCfg = Debug|Any CPU
		{B29D16DA-04C9-48EA-B531-096C2B752BEA}.Debug|x64.Build.0 = Debug|Any CPU
		{B29D16DA-04C9-48EA-B531-096C2B752BEA}.Debug|x86.ActiveCfg = Debug|Any CPU
		{B29D16DA-04C9-48EA-B531-096C2B752BEA}.Debug|x86.Build.0 = Debug|Any CPU
		{B29D16DA-04C9-48EA-B531-096C2B752BEA}.Release|Any CPU.ActiveCfg = Release|Any CPU
		{B29D16DA-04C9-48EA-B531-096C2B752BEA}.Release|Any CPU.Build.0 = Release|Any CPU
		{B29D16DA-04C9-48EA-B531-096C2B752BEA}.Release|x64.ActiveCfg = Release|Any CPU
		{B29D16DA-04C9-48EA-B531-096C2B752BEA}.Release|x64.Build.0 = Release|Any CPU
		{B29D16DA-04C9-48EA-B531-096C2B752BEA}.Release|x86.ActiveCfg = Release|Any CPU
		{B29D16DA-04C9-48EA-B531-096C2B752BEA}.Release|x86.Build.0 = Release|Any CPU
		{525D3D5F-E0DA-4502-B65C-F397B50126F7}.Debug|Any CPU.ActiveCfg = Debug|Any CPU
		{525D3D5F-E0DA-4502-B65C-F397B50126F7}.Debug|Any CPU.Build.0 = Debug|Any CPU
		{525D3D5F-E0DA-4502-B65C-F397B50126F7}.Debug|x64.ActiveCfg = Debug|Any CPU
		{525D3D5F-E0DA-4502-B65C-F397B50126F7}.Debug|x64.Build.0 = Debug|Any CPU
		{525D3D5F-E0DA-4502-B65C-F397B50126F7}.Debug|x86.ActiveCfg = Debug|Any CPU
		{525D3D5F-E0DA-4502-B65C-F397B50126F7}.Debug|x86.Build.0 = Debug|Any CPU
		{525D3D5F-E0DA-4502-B65C-F397B50126F7}.Release|Any CPU.ActiveCfg = Release|Any CPU
		{525D3D5F-E0DA-4502-B65C-F397B50126F7}.Release|Any CPU.Build.0 = Release|Any CPU
		{525D3D5F-E0DA-4502-B65C-F397B50126F7}.Release|x64.ActiveCfg = Release|Any CPU
		{525D3D5F-E0DA-4502-B65C-F397B50126F7}.Release|x64.Build.0 = Release|Any CPU
		{525D3D5F-E0DA-4502-B65C-F397B50126F7}.Release|x86.ActiveCfg = Release|Any CPU
		{525D3D5F-E0DA-4502-B65C-F397B50126F7}.Release|x86.Build.0 = Release|Any CPU
		{3D84D24B-8D52-4EAB-B7D7-867B1A1BD3A3}.Debug|Any CPU.ActiveCfg = Debug|Any CPU
		{3D84D24B-8D52-4EAB-B7D7-867B1A1BD3A3}.Debug|Any CPU.Build.0 = Debug|Any CPU
		{3D84D24B-8D52-4EAB-B7D7-867B1A1BD3A3}.Debug|x64.ActiveCfg = Debug|Any CPU
		{3D84D24B-8D52-4EAB-B7D7-867B1A1BD3A3}.Debug|x64.Build.0 = Debug|Any CPU
		{3D84D24B-8D52-4EAB-B7D7-867B1A1BD3A3}.Debug|x86.ActiveCfg = Debug|Any CPU
		{3D84D24B-8D52-4EAB-B7D7-867B1A1BD3A3}.Debug|x86.Build.0 = Debug|Any CPU
		{3D84D24B-8D52-4EAB-B7D7-867B1A1BD3A3}.Release|Any CPU.ActiveCfg = Release|Any CPU
		{3D84D24B-8D52-4EAB-B7D7-867B1A1BD3A3}.Release|Any CPU.Build.0 = Release|Any CPU
		{3D84D24B-8D52-4EAB-B7D7-867B1A1BD3A3}.Release|x64.ActiveCfg = Release|Any CPU
		{3D84D24B-8D52-4EAB-B7D7-867B1A1BD3A3}.Release|x64.Build.0 = Release|Any CPU
		{3D84D24B-8D52-4EAB-B7D7-867B1A1BD3A3}.Release|x86.ActiveCfg = Release|Any CPU
		{3D84D24B-8D52-4EAB-B7D7-867B1A1BD3A3}.Release|x86.Build.0 = Release|Any CPU
		{C8B1BE10-152D-4CAE-B056-96DB663EF6CA}.Debug|Any CPU.ActiveCfg = Debug|Any CPU
		{C8B1BE10-152D-4CAE-B056-96DB663EF6CA}.Debug|Any CPU.Build.0 = Debug|Any CPU
		{C8B1BE10-152D-4CAE-B056-96DB663EF6CA}.Debug|x64.ActiveCfg = Debug|Any CPU
		{C8B1BE10-152D-4CAE-B056-96DB663EF6CA}.Debug|x64.Build.0 = Debug|Any CPU
		{C8B1BE10-152D-4CAE-B056-96DB663EF6CA}.Debug|x86.ActiveCfg = Debug|Any CPU
		{C8B1BE10-152D-4CAE-B056-96DB663EF6CA}.Debug|x86.Build.0 = Debug|Any CPU
		{C8B1BE10-152D-4CAE-B056-96DB663EF6CA}.Release|Any CPU.ActiveCfg = Release|Any CPU
		{C8B1BE10-152D-4CAE-B056-96DB663EF6CA}.Release|Any CPU.Build.0 = Release|Any CPU
		{C8B1BE10-152D-4CAE-B056-96DB663EF6CA}.Release|x64.ActiveCfg = Release|Any CPU
		{C8B1BE10-152D-4CAE-B056-96DB663EF6CA}.Release|x64.Build.0 = Release|Any CPU
		{C8B1BE10-152D-4CAE-B056-96DB663EF6CA}.Release|x86.ActiveCfg = Release|Any CPU
		{C8B1BE10-152D-4CAE-B056-96DB663EF6CA}.Release|x86.Build.0 = Release|Any CPU
		{E5A57CD3-786C-4D3E-9434-76BF6250E7F6}.Debug|Any CPU.ActiveCfg = Debug|Any CPU
		{E5A57CD3-786C-4D3E-9434-76BF6250E7F6}.Debug|Any CPU.Build.0 = Debug|Any CPU
		{E5A57CD3-786C-4D3E-9434-76BF6250E7F6}.Debug|x64.ActiveCfg = Debug|Any CPU
		{E5A57CD3-786C-4D3E-9434-76BF6250E7F6}.Debug|x64.Build.0 = Debug|Any CPU
		{E5A57CD3-786C-4D3E-9434-76BF6250E7F6}.Debug|x86.ActiveCfg = Debug|Any CPU
		{E5A57CD3-786C-4D3E-9434-76BF6250E7F6}.Debug|x86.Build.0 = Debug|Any CPU
		{E5A57CD3-786C-4D3E-9434-76BF6250E7F6}.Release|Any CPU.ActiveCfg = Release|Any CPU
		{E5A57CD3-786C-4D3E-9434-76BF6250E7F6}.Release|Any CPU.Build.0 = Release|Any CPU
		{E5A57CD3-786C-4D3E-9434-76BF6250E7F6}.Release|x64.ActiveCfg = Release|Any CPU
		{E5A57CD3-786C-4D3E-9434-76BF6250E7F6}.Release|x64.Build.0 = Release|Any CPU
		{E5A57CD3-786C-4D3E-9434-76BF6250E7F6}.Release|x86.ActiveCfg = Release|Any CPU
		{E5A57CD3-786C-4D3E-9434-76BF6250E7F6}.Release|x86.Build.0 = Release|Any CPU
		{0147F75F-7DD6-4A07-9DC6-245BC2FFCB0B}.Debug|Any CPU.ActiveCfg = Debug|Any CPU
		{0147F75F-7DD6-4A07-9DC6-245BC2FFCB0B}.Debug|Any CPU.Build.0 = Debug|Any CPU
		{0147F75F-7DD6-4A07-9DC6-245BC2FFCB0B}.Debug|x64.ActiveCfg = Debug|Any CPU
		{0147F75F-7DD6-4A07-9DC6-245BC2FFCB0B}.Debug|x64.Build.0 = Debug|Any CPU
		{0147F75F-7DD6-4A07-9DC6-245BC2FFCB0B}.Debug|x86.ActiveCfg = Debug|Any CPU
		{0147F75F-7DD6-4A07-9DC6-245BC2FFCB0B}.Debug|x86.Build.0 = Debug|Any CPU
		{0147F75F-7DD6-4A07-9DC6-245BC2FFCB0B}.Release|Any CPU.ActiveCfg = Release|Any CPU
		{0147F75F-7DD6-4A07-9DC6-245BC2FFCB0B}.Release|Any CPU.Build.0 = Release|Any CPU
		{0147F75F-7DD6-4A07-9DC6-245BC2FFCB0B}.Release|x64.ActiveCfg = Release|Any CPU
		{0147F75F-7DD6-4A07-9DC6-245BC2FFCB0B}.Release|x64.Build.0 = Release|Any CPU
		{0147F75F-7DD6-4A07-9DC6-245BC2FFCB0B}.Release|x86.ActiveCfg = Release|Any CPU
		{0147F75F-7DD6-4A07-9DC6-245BC2FFCB0B}.Release|x86.Build.0 = Release|Any CPU
		{28218445-41CC-4EEC-81D6-CD9CFDA3B331}.Debug|Any CPU.ActiveCfg = Debug|Any CPU
		{28218445-41CC-4EEC-81D6-CD9CFDA3B331}.Debug|Any CPU.Build.0 = Debug|Any CPU
		{28218445-41CC-4EEC-81D6-CD9CFDA3B331}.Debug|x64.ActiveCfg = Debug|Any CPU
		{28218445-41CC-4EEC-81D6-CD9CFDA3B331}.Debug|x64.Build.0 = Debug|Any CPU
		{28218445-41CC-4EEC-81D6-CD9CFDA3B331}.Debug|x86.ActiveCfg = Debug|Any CPU
		{28218445-41CC-4EEC-81D6-CD9CFDA3B331}.Debug|x86.Build.0 = Debug|Any CPU
		{28218445-41CC-4EEC-81D6-CD9CFDA3B331}.Release|Any CPU.ActiveCfg = Release|Any CPU
		{28218445-41CC-4EEC-81D6-CD9CFDA3B331}.Release|Any CPU.Build.0 = Release|Any CPU
		{28218445-41CC-4EEC-81D6-CD9CFDA3B331}.Release|x64.ActiveCfg = Release|Any CPU
		{28218445-41CC-4EEC-81D6-CD9CFDA3B331}.Release|x64.Build.0 = Release|Any CPU
		{28218445-41CC-4EEC-81D6-CD9CFDA3B331}.Release|x86.ActiveCfg = Release|Any CPU
		{28218445-41CC-4EEC-81D6-CD9CFDA3B331}.Release|x86.Build.0 = Release|Any CPU
		{82FEE716-A724-46A0-BA97-201C9AC385C7}.Debug|Any CPU.ActiveCfg = Debug|Any CPU
		{82FEE716-A724-46A0-BA97-201C9AC385C7}.Debug|Any CPU.Build.0 = Debug|Any CPU
		{82FEE716-A724-46A0-BA97-201C9AC385C7}.Debug|x64.ActiveCfg = Debug|Any CPU
		{82FEE716-A724-46A0-BA97-201C9AC385C7}.Debug|x64.Build.0 = Debug|Any CPU
		{82FEE716-A724-46A0-BA97-201C9AC385C7}.Debug|x86.ActiveCfg = Debug|Any CPU
		{82FEE716-A724-46A0-BA97-201C9AC385C7}.Debug|x86.Build.0 = Debug|Any CPU
		{82FEE716-A724-46A0-BA97-201C9AC385C7}.Release|Any CPU.ActiveCfg = Release|Any CPU
		{82FEE716-A724-46A0-BA97-201C9AC385C7}.Release|Any CPU.Build.0 = Release|Any CPU
		{82FEE716-A724-46A0-BA97-201C9AC385C7}.Release|x64.ActiveCfg = Release|Any CPU
		{82FEE716-A724-46A0-BA97-201C9AC385C7}.Release|x64.Build.0 = Release|Any CPU
		{82FEE716-A724-46A0-BA97-201C9AC385C7}.Release|x86.ActiveCfg = Release|Any CPU
		{82FEE716-A724-46A0-BA97-201C9AC385C7}.Release|x86.Build.0 = Release|Any CPU
		{AB632094-54EA-4561-9282-AB69F4FCF7E9}.Debug|Any CPU.ActiveCfg = Debug|Any CPU
		{AB632094-54EA-4561-9282-AB69F4FCF7E9}.Debug|Any CPU.Build.0 = Debug|Any CPU
		{AB632094-54EA-4561-9282-AB69F4FCF7E9}.Debug|x64.ActiveCfg = Debug|Any CPU
		{AB632094-54EA-4561-9282-AB69F4FCF7E9}.Debug|x64.Build.0 = Debug|Any CPU
		{AB632094-54EA-4561-9282-AB69F4FCF7E9}.Debug|x86.ActiveCfg = Debug|Any CPU
		{AB632094-54EA-4561-9282-AB69F4FCF7E9}.Debug|x86.Build.0 = Debug|Any CPU
		{AB632094-54EA-4561-9282-AB69F4FCF7E9}.Release|Any CPU.ActiveCfg = Release|Any CPU
		{AB632094-54EA-4561-9282-AB69F4FCF7E9}.Release|Any CPU.Build.0 = Release|Any CPU
		{AB632094-54EA-4561-9282-AB69F4FCF7E9}.Release|x64.ActiveCfg = Release|Any CPU
		{AB632094-54EA-4561-9282-AB69F4FCF7E9}.Release|x64.Build.0 = Release|Any CPU
		{AB632094-54EA-4561-9282-AB69F4FCF7E9}.Release|x86.ActiveCfg = Release|Any CPU
		{AB632094-54EA-4561-9282-AB69F4FCF7E9}.Release|x86.Build.0 = Release|Any CPU
		{97C9B665-570D-41E2-9293-8DEF77ED03ED}.Debug|Any CPU.ActiveCfg = Debug|Any CPU
		{97C9B665-570D-41E2-9293-8DEF77ED03ED}.Debug|Any CPU.Build.0 = Debug|Any CPU
		{97C9B665-570D-41E2-9293-8DEF77ED03ED}.Debug|x64.ActiveCfg = Debug|Any CPU
		{97C9B665-570D-41E2-9293-8DEF77ED03ED}.Debug|x64.Build.0 = Debug|Any CPU
		{97C9B665-570D-41E2-9293-8DEF77ED03ED}.Debug|x86.ActiveCfg = Debug|Any CPU
		{97C9B665-570D-41E2-9293-8DEF77ED03ED}.Debug|x86.Build.0 = Debug|Any CPU
		{97C9B665-570D-41E2-9293-8DEF77ED03ED}.Release|Any CPU.ActiveCfg = Release|Any CPU
		{97C9B665-570D-41E2-9293-8DEF77ED03ED}.Release|Any CPU.Build.0 = Release|Any CPU
		{97C9B665-570D-41E2-9293-8DEF77ED03ED}.Release|x64.ActiveCfg = Release|Any CPU
		{97C9B665-570D-41E2-9293-8DEF77ED03ED}.Release|x64.Build.0 = Release|Any CPU
		{97C9B665-570D-41E2-9293-8DEF77ED03ED}.Release|x86.ActiveCfg = Release|Any CPU
		{97C9B665-570D-41E2-9293-8DEF77ED03ED}.Release|x86.Build.0 = Release|Any CPU
		{2F5A8C91-D472-4BF3-9E84-1C7D9F3B8A65}.Debug|Any CPU.ActiveCfg = Debug|Any CPU
		{2F5A8C91-D472-4BF3-9E84-1C7D9F3B8A65}.Debug|Any CPU.Build.0 = Debug|Any CPU
		{2F5A8C91-D472-4BF3-9E84-1C7D9F3B8A65}.Debug|x64.ActiveCfg = Debug|Any CPU
		{2F5A8C91-D472-4BF3-9E84-1C7D9F3B8A65}.Debug|x64.Build.0 = Debug|Any CPU
		{2F5A8C91-D472-4BF3-9E84-1C7D9F3B8A65}.Debug|x86.ActiveCfg = Debug|Any CPU
		{2F5A8C91-D472-4BF3-9E84-1C7D9F3B8A65}.Debug|x86.Build.0 = Debug|Any CPU
		{2F5A8C91-D472-4BF3-9E84-1C7D9F3B8A65}.Release|Any CPU.ActiveCfg = Release|Any CPU
		{2F5A8C91-D472-4BF3-9E84-1C7D9F3B8A65}.Release|Any CPU.Build.0 = Release|Any CPU
		{2F5A8C91-D472-4BF3-9E84-1C7D9F3B8A65}.Release|x64.ActiveCfg = Release|Any CPU
		{2F5A8C91-D472-4BF3-9E84-1C7D9F3B8A65}.Release|x64.Build.0 = Release|Any CPU
		{2F5A8C91-D472-4BF3-9E84-1C7D9F3B8A65}.Release|x86.ActiveCfg = Release|Any CPU
		{2F5A8C91-D472-4BF3-9E84-1C7D9F3B8A65}.Release|x86.Build.0 = Release|Any CPU
		{0D39061B-7C62-4CC4-9730-D2E44C734F10}.Debug|Any CPU.ActiveCfg = Debug|Any CPU
		{0D39061B-7C62-4CC4-9730-D2E44C734F10}.Debug|Any CPU.Build.0 = Debug|Any CPU
		{0D39061B-7C62-4CC4-9730-D2E44C734F10}.Debug|x64.ActiveCfg = Debug|Any CPU
		{0D39061B-7C62-4CC4-9730-D2E44C734F10}.Debug|x64.Build.0 = Debug|Any CPU
		{0D39061B-7C62-4CC4-9730-D2E44C734F10}.Debug|x86.ActiveCfg = Debug|Any CPU
		{0D39061B-7C62-4CC4-9730-D2E44C734F10}.Debug|x86.Build.0 = Debug|Any CPU
		{0D39061B-7C62-4CC4-9730-D2E44C734F10}.Release|Any CPU.ActiveCfg = Release|Any CPU
		{0D39061B-7C62-4CC4-9730-D2E44C734F10}.Release|Any CPU.Build.0 = Release|Any CPU
		{0D39061B-7C62-4CC4-9730-D2E44C734F10}.Release|x64.ActiveCfg = Release|Any CPU
		{0D39061B-7C62-4CC4-9730-D2E44C734F10}.Release|x64.Build.0 = Release|Any CPU
		{0D39061B-7C62-4CC4-9730-D2E44C734F10}.Release|x86.ActiveCfg = Release|Any CPU
		{0D39061B-7C62-4CC4-9730-D2E44C734F10}.Release|x86.Build.0 = Release|Any CPU
	EndGlobalSection
	GlobalSection(SolutionProperties) = preSolution
		HideSolutionNode = FALSE
	EndGlobalSection
	GlobalSection(NestedProjects) = preSolution
		{91D2A121-46DE-41D0-9EAD-9DB209DD22E8} = {827E0CD3-B72D-47B6-A68D-7590B98EB39B}
		{41C81A55-6839-4348-A6C4-FF80528C701E} = {827E0CD3-B72D-47B6-A68D-7590B98EB39B}
		{87308C43-E426-40FA-833A-4CF5D0AF0BD8} = {827E0CD3-B72D-47B6-A68D-7590B98EB39B}
		{A30B5C94-9F21-43DE-93E8-DC2F8BDAA350} = {827E0CD3-B72D-47B6-A68D-7590B98EB39B}
		{7A928515-6235-40D3-ABC4-49AB3C4D91B4} = {827E0CD3-B72D-47B6-A68D-7590B98EB39B}
		{B29D16DA-04C9-48EA-B531-096C2B752BEA} = {827E0CD3-B72D-47B6-A68D-7590B98EB39B}
		{82FEE716-A724-46A0-BA97-201C9AC385C7} = {827E0CD3-B72D-47B6-A68D-7590B98EB39B}
		{AB632094-54EA-4561-9282-AB69F4FCF7E9} = {827E0CD3-B72D-47B6-A68D-7590B98EB39B}
		{97C9B665-570D-41E2-9293-8DEF77ED03ED} = {827E0CD3-B72D-47B6-A68D-7590B98EB39B}
		{2F5A8C91-D472-4BF3-9E84-1C7D9F3B8A65} = {827E0CD3-B72D-47B6-A68D-7590B98EB39B}
		{0D39061B-7C62-4CC4-9730-D2E44C734F10} = {827E0CD3-B72D-47B6-A68D-7590B98EB39B}
	EndGlobalSection
EndGlobal
